// !$*UTF8*$!
{
	archiveVersion = 1;
	classes = {
	};
	objectVersion = 46;
	objects = {

/* Begin PBXBuildFile section */
		F7C52A331B5944C500C5F35E /* AppDelegate.swift in Sources */ = {isa = PBXBuildFile; fileRef = F7C52A321B5944C500C5F35E /* AppDelegate.swift */; };
		F7C52A351B5944C500C5F35E /* ViewController.swift in Sources */ = {isa = PBXBuildFile; fileRef = F7C52A341B5944C500C5F35E /* ViewController.swift */; };
		F7C52A381B5944C500C5F35E /* Main.storyboard in Resources */ = {isa = PBXBuildFile; fileRef = F7C52A361B5944C500C5F35E /* Main.storyboard */; };
		F7C52A3A1B5944C500C5F35E /* Images.xcassets in Resources */ = {isa = PBXBuildFile; fileRef = F7C52A391B5944C500C5F35E /* Images.xcassets */; };
		F7C52A3D1B5944C500C5F35E /* LaunchScreen.xib in Resources */ = {isa = PBXBuildFile; fileRef = F7C52A3B1B5944C500C5F35E /* LaunchScreen.xib */; };
		F7C52A491B5944C500C5F35E /* keisimapp2Tests.swift in Sources */ = {isa = PBXBuildFile; fileRef = F7C52A481B5944C500C5F35E /* keisimapp2Tests.swift */; };
		F7C52A531B59481F00C5F35E /* nextViewController.swift in Sources */ = {isa = PBXBuildFile; fileRef = F7C52A521B59481F00C5F35E /* nextViewController.swift */; };
/* End PBXBuildFile section */

/* Begin PBXContainerItemProxy section */
		F7C52A431B5944C500C5F35E /* PBXContainerItemProxy */ = {
			isa = PBXContainerItemProxy;
			containerPortal = F7C52A251B5944C500C5F35E /* Project object */;
			proxyType = 1;
			remoteGlobalIDString = F7C52A2C1B5944C500C5F35E;
			remoteInfo = keisimapp2;
		};
/* End PBXContainerItemProxy section */

/* Begin PBXFileReference section */
		F7C52A2D1B5944C500C5F35E /* keisimapp2.app */ = {isa = PBXFileReference; explicitFileType = wrapper.application; includeInIndex = 0; path = keisimapp2.app; sourceTree = BUILT_PRODUCTS_DIR; };
		F7C52A311B5944C500C5F35E /* Info.plist */ = {isa = PBXFileReference; lastKnownFileType = text.plist.xml; path = Info.plist; sourceTree = "<group>"; };
		F7C52A321B5944C500C5F35E /* AppDelegate.swift */ = {isa = PBXFileReference; lastKnownFileType = sourcecode.swift; path = AppDelegate.swift; sourceTree = "<group>"; };
		F7C52A341B5944C500C5F35E /* ViewController.swift */ = {isa = PBXFileReference; lastKnownFileType = sourcecode.swift; path = ViewController.swift; sourceTree = "<group>"; };
		F7C52A371B5944C500C5F35E /* Base */ = {isa = PBXFileReference; lastKnownFileType = file.storyboard; name = Base; path = Base.lproj/Main.storyboard; sourceTree = "<group>"; };
		F7C52A391B5944C500C5F35E /* Images.xcassets */ = {isa = PBXFileReference; lastKnownFileType = folder.assetcatalog; path = Images.xcassets; sourceTree = "<group>"; };
		F7C52A3C1B5944C500C5F35E /* Base */ = {isa = PBXFileReference; lastKnownFileType = file.xib; name = Base; path = Base.lproj/LaunchScreen.xib; sourceTree = "<group>"; };
		F7C52A421B5944C500C5F35E /* keisimapp2Tests.xctest */ = {isa = PBXFileReference; explicitFileType = wrapper.cfbundle; includeInIndex = 0; path = keisimapp2Tests.xctest; sourceTree = BUILT_PRODUCTS_DIR; };
		F7C52A471B5944C500C5F35E /* Info.plist */ = {isa = PBXFileReference; lastKnownFileType = text.plist.xml; path = Info.plist; sourceTree = "<group>"; };
		F7C52A481B5944C500C5F35E /* keisimapp2Tests.swift */ = {isa = PBXFileReference; lastKnownFileType = sourcecode.swift; path = keisimapp2Tests.swift; sourceTree = "<group>"; };
		F7C52A521B59481F00C5F35E /* nextViewController.swift */ = {isa = PBXFileReference; fileEncoding = 4; lastKnownFileType = sourcecode.swift; path = nextViewController.swift; sourceTree = "<group>"; };
/* End PBXFileReference section */

/* Begin PBXFrameworksBuildPhase section */
		F7C52A2A1B5944C500C5F35E /* Frameworks */ = {
			isa = PBXFrameworksBuildPhase;
			buildActionMask = 2147483647;
			files = (
			);
			runOnlyForDeploymentPostprocessing = 0;
		};
		F7C52A3F1B5944C500C5F35E /* Frameworks */ = {
			isa = PBXFrameworksBuildPhase;
			buildActionMask = 2147483647;
			files = (
			);
			runOnlyForDeploymentPostprocessing = 0;
		};
/* End PBXFrameworksBuildPhase section */

/* Begin PBXGroup section */
		F7C52A241B5944C500C5F35E = {
			isa = PBXGroup;
			children = (
				F7C52A2F1B5944C500C5F35E /* keisimapp2 */,
				F7C52A451B5944C500C5F35E /* keisimapp2Tests */,
				F7C52A2E1B5944C500C5F35E /* Products */,
			);
			sourceTree = "<group>";
		};
		F7C52A2E1B5944C500C5F35E /* Products */ = {
			isa = PBXGroup;
			children = (
				F7C52A2D1B5944C500C5F35E /* keisimapp2.app */,
				F7C52A421B5944C500C5F35E /* keisimapp2Tests.xctest */,
			);
			name = Products;
			sourceTree = "<group>";
		};
		F7C52A2F1B5944C500C5F35E /* keisimapp2 */ = {
			isa = PBXGroup;
			children = (
				F7C52A321B5944C500C5F35E /* AppDelegate.swift */,
				F7C52A341B5944C500C5F35E /* ViewController.swift */,
				F7C52A521B59481F00C5F35E /* nextViewController.swift */,
				F7C52A361B5944C500C5F35E /* Main.storyboard */,
				F7C52A391B5944C500C5F35E /* Images.xcassets */,
				F7C52A3B1B5944C500C5F35E /* LaunchScreen.xib */,
				F7C52A301B5944C500C5F35E /* Supporting Files */,
			);
			path = keisimapp2;
			sourceTree = "<group>";
		};
		F7C52A301B5944C500C5F35E /* Supporting Files */ = {
			isa = PBXGroup;
			children = (
				F7C52A311B5944C500C5F35E /* Info.plist */,
			);
			name = "Supporting Files";
			sourceTree = "<group>";
		};
		F7C52A451B5944C500C5F35E /* keisimapp2Tests */ = {
			isa = PBXGroup;
			children = (
				F7C52A481B5944C500C5F35E /* keisimapp2Tests.swift */,
				F7C52A461B5944C500C5F35E /* Supporting Files */,
			);
			path = keisimapp2Tests;
			sourceTree = "<group>";
		};
		F7C52A461B5944C500C5F35E /* Supporting Files */ = {
			isa = PBXGroup;
			children = (
				F7C52A471B5944C500C5F35E /* Info.plist */,
			);
			name = "Supporting Files";
			sourceTree = "<group>";
		};
/* End PBXGroup section */

/* Begin PBXNativeTarget section */
		F7C52A2C1B5944C500C5F35E /* keisimapp2 */ = {
			isa = PBXNativeTarget;
			buildConfigurationList = F7C52A4C1B5944C500C5F35E /* Build configuration list for PBXNativeTarget "keisimapp2" */;
			buildPhases = (
				F7C52A291B5944C500C5F35E /* Sources */,
				F7C52A2A1B5944C500C5F35E /* Frameworks */,
				F7C52A2B1B5944C500C5F35E /* Resources */,
			);
			buildRules = (
			);
			dependencies = (
			);
			name = keisimapp2;
			productName = keisimapp2;
			productReference = F7C52A2D1B5944C500C5F35E /* keisimapp2.app */;
			productType = "com.apple.product-type.application";
		};
		F7C52A411B5944C500C5F35E /* keisimapp2Tests */ = {
			isa = PBXNativeTarget;
			buildConfigurationList = F7C52A4F1B5944C500C5F35E /* Build configuration list for PBXNativeTarget "keisimapp2Tests" */;
			buildPhases = (
				F7C52A3E1B5944C500C5F35E /* Sources */,
				F7C52A3F1B5944C500C5F35E /* Frameworks */,
				F7C52A401B5944C500C5F35E /* Resources */,
			);
			buildRules = (
			);
			dependencies = (
				F7C52A441B5944C500C5F35E /* PBXTargetDependency */,
			);
			name = keisimapp2Tests;
			productName = keisimapp2Tests;
			productReference = F7C52A421B5944C500C5F35E /* keisimapp2Tests.xctest */;
			productType = "com.apple.product-type.bundle.unit-test";
		};
/* End PBXNativeTarget section */

/* Begin PBXProject section */
		F7C52A251B5944C500C5F35E /* Project object */ = {
			isa = PBXProject;
			attributes = {
				LastUpgradeCheck = 0640;
				ORGANIZATIONNAME = "東田圭介";
				TargetAttributes = {
					F7C52A2C1B5944C500C5F35E = {
						CreatedOnToolsVersion = 6.4;
					};
					F7C52A411B5944C500C5F35E = {
						CreatedOnToolsVersion = 6.4;
						TestTargetID = F7C52A2C1B5944C500C5F35E;
					};
				};
			};
			buildConfigurationList = F7C52A281B5944C500C5F35E /* Build configuration list for PBXProject "keisimapp2" */;
			compatibilityVersion = "Xcode 3.2";
			developmentRegion = English;
			hasScannedForEncodings = 0;
			knownRegions = (
				en,
				Base,
			);
			mainGroup = F7C52A241B5944C500C5F35E;
			productRefGroup = F7C52A2E1B5944C500C5F35E /* Products */;
			projectDirPath = "";
			projectRoot = "";
			targets = (
				F7C52A2C1B5944C500C5F35E /* keisimapp2 */,
				F7C52A411B5944C500C5F35E /* keisimapp2Tests */,
			);
		};
/* End PBXProject section */

/* Begin PBXResourcesBuildPhase section */
		F7C52A2B1B5944C500C5F35E /* Resources */ = {
			isa = PBXResourcesBuildPhase;
			buildActionMask = 2147483647;
			files = (
				F7C52A381B5944C500C5F35E /* Main.storyboard in Resources */,
				F7C52A3D1B5944C500C5F35E /* LaunchScreen.xib in Resources */,
				F7C52A3A1B5944C500C5F35E /* Images.xcassets in Resources */,
			);
			runOnlyForDeploymentPostprocessing = 0;
		};
		F7C52A401B5944C500C5F35E /* Resources */ = {
			isa = PBXResourcesBuildPhase;
			buildActionMask = 2147483647;
			files = (
			);
			runOnlyForDeploymentPostprocessing = 0;
		};
/* End PBXResourcesBuildPhase section */

/* Begin PBXSourcesBuildPhase section */
		F7C52A291B5944C500C5F35E /* Sources */ = {
			isa = PBXSourcesBuildPhase;
			buildActionMask = 2147483647;
			files = (
				F7C52A531B59481F00C5F35E /* nextViewController.swift in Sources */,
				F7C52A351B5944C500C5F35E /* ViewController.swift in Sources */,
				F7C52A331B5944C500C5F35E /* AppDelegate.swift in Sources */,
			);
			runOnlyForDeploymentPostprocessing = 0;
		};
		F7C52A3E1B5944C500C5F35E /* Sources */ = {
			isa = PBXSourcesBuildPhase;
			buildActionMask = 2147483647;
			files = (
				F7C52A491B5944C500C5F35E /* keisimapp2Tests.swift in Sources */,
			);
			runOnlyForDeploymentPostprocessing = 0;
		};
/* End PBXSourcesBuildPhase section */

/* Begin PBXTargetDependency section */
		F7C52A441B5944C500C5F35E /* PBXTargetDependency */ = {
			isa = PBXTargetDependency;
			target = F7C52A2C1B5944C500C5F35E /* keisimapp2 */;
			targetProxy = F7C52A431B5944C500C5F35E /* PBXContainerItemProxy */;
		};
/* End PBXTargetDependency section */

/* Begin PBXVariantGroup section */
		F7C52A361B5944C500C5F35E /* Main.storyboard */ = {
			isa = PBXVariantGroup;
			children = (
				F7C52A371B5944C500C5F35E /* Base */,
			);
			name = Main.storyboard;
			sourceTree = "<group>";
		};
		F7C52A3B1B5944C500C5F35E /* LaunchScreen.xib */ = {
			isa = PBXVariantGroup;
			children = (
				F7C52A3C1B5944C500C5F35E /* Base */,
			);
			name = LaunchScreen.xib;
			sourceTree = "<group>";
		};
/* End PBXVariantGroup section */

/* Begin XCBuildConfiguration section */
		F7C52A4A1B5944C500C5F35E /* Debug */ = {
			isa = XCBuildConfiguration;
			buildSettings = {
				ALWAYS_SEARCH_USER_PATHS = NO;
				CLANG_CXX_LANGUAGE_STANDARD = "gnu++0x";
				CLANG_CXX_LIBRARY = "libc++";
				CLANG_ENABLE_MODULES = YES;
				CLANG_ENABLE_OBJC_ARC = YES;
				CLANG_WARN_BOOL_CONVERSION = YES;
				CLANG_WARN_CONSTANT_CONVERSION = YES;
				CLANG_WARN_DIRECT_OBJC_ISA_USAGE = YES_ERROR;
				CLANG_WARN_EMPTY_BODY = YES;
				CLANG_WARN_ENUM_CONVERSION = YES;
				CLANG_WARN_INT_CONVERSION = YES;
				CLANG_WARN_OBJC_ROOT_CLASS = YES_ERROR;
				CLANG_WARN_UNREACHABLE_CODE = YES;
				CLANG_WARN__DUPLICATE_METHOD_MATCH = YES;
				"CODE_SIGN_IDENTITY[sdk=iphoneos*]" = "iPhone Developer";
				COPY_PHASE_STRIP = NO;
				DEBUG_INFORMATION_FORMAT = "dwarf-with-dsym";
				ENABLE_STRICT_OBJC_MSGSEND = YES;
				GCC_C_LANGUAGE_STANDARD = gnu99;
				GCC_DYNAMIC_NO_PIC = NO;
				GCC_NO_COMMON_BLOCKS = YES;
				GCC_OPTIMIZATION_LEVEL = 0;
				GCC_PREPROCESSOR_DEFINITIONS = (
					"DEBUG=1",
					"$(inherited)",
				);
				GCC_SYMBOLS_PRIVATE_EXTERN = NO;
				GCC_WARN_64_TO_32_BIT_CONVERSION = YES;
				GCC_WARN_ABOUT_RETURN_TYPE = YES_ERROR;
				GCC_WARN_UNDECLARED_SELECTOR = YES;
				GCC_WARN_UNINITIALIZED_AUTOS = YES_AGGRESSIVE;
				GCC_WARN_UNUSED_FUNCTION = YES;
				GCC_WARN_UNUSED_VARIABLE = YES;
				IPHONEOS_DEPLOYMENT_TARGET = 8.4;
				MTL_ENABLE_DEBUG_INFO = YES;
				ONLY_ACTIVE_ARCH = YES;
				SDKROOT = iphoneos;
				SWIFT_OPTIMIZATION_LEVEL = "-Onone";
			};
			name = Debug;
		};
		F7C52A4B1B5944C500C5F35E /* Release */ = {
			isa = XCBuildConfiguration;
			buildSettings = {
				ALWAYS_SEARCH_USER_PATHS = NO;
				CLANG_CXX_LANGUAGE_STANDARD = "gnu++0x";
				CLANG_CXX_LIBRARY = "libc++";
				CLANG_ENABLE_MODULES = YES;
				CLANG_ENABLE_OBJC_ARC = YES;
				CLANG_WARN_BOOL_CONVERSION = YES;
				CLANG_WARN_CONSTANT_CONVERSION = YES;
				CLANG_WARN_DIRECT_OBJC_ISA_USAGE = YES_ERROR;
				CLANG_WARN_EMPTY_BODY = YES;
				CLANG_WARN_ENUM_CONVERSION = YES;
				CLANG_WARN_INT_CONVERSION = YES;
				CLANG_WARN_OBJC_ROOT_CLASS = YES_ERROR;
				CLANG_WARN_UNREACHABLE_CODE = YES;
				CLANG_WARN__DUPLICATE_METHOD_MATCH = YES;
				"CODE_SIGN_IDENTITY[sdk=iphoneos*]" = "iPhone Developer";
				COPY_PHASE_STRIP = NO;
				DEBUG_INFORMATION_FORMAT = "dwarf-with-dsym";
				ENABLE_NS_ASSERTIONS = NO;
				ENABLE_STRICT_OBJC_MSGSEND = YES;
				GCC_C_LANGUAGE_STANDARD = gnu99;
				GCC_NO_COMMON_BLOCKS = YES;
				GCC_WARN_64_TO_32_BIT_CONVERSION = YES;
				GCC_WARN_ABOUT_RETURN_TYPE = YES_ERROR;
				GCC_WARN_UNDECLARED_SELECTOR = YES;
				GCC_WARN_UNINITIALIZED_AUTOS = YES_AGGRESSIVE;
				GCC_WARN_UNUSED_FUNCTION = YES;
				GCC_WARN_UNUSED_VARIABLE = YES;
				IPHONEOS_DEPLOYMENT_TARGET = 8.4;
				MTL_ENABLE_DEBUG_INFO = NO;
				SDKROOT = iphoneos;
				VALIDATE_PRODUCT = YES;
			};
			name = Release;
		};
		F7C52A4D1B5944C500C5F35E /* Debug */ = {
			isa = XCBuildConfiguration;
			buildSettings = {
				ASSETCATALOG_COMPILER_APPICON_NAME = AppIcon;
				INFOPLIST_FILE = keisimapp2/Info.plist;
				LD_RUNPATH_SEARCH_PATHS = "$(inherited) @executable_path/Frameworks";
				PRODUCT_NAME = "$(TARGET_NAME)";
			};
			name = Debug;
		};
		F7C52A4E1B5944C500C5F35E /* Release */ = {
			isa = XCBuildConfiguration;
			buildSettings = {
				ASSETCATALOG_COMPILER_APPICON_NAME = AppIcon;
				INFOPLIST_FILE = keisimapp2/Info.plist;
				LD_RUNPATH_SEARCH_PATHS = "$(inherited) @executable_path/Frameworks";
				PRODUCT_NAME = "$(TARGET_NAME)";
			};
			name = Release;
		};
		F7C52A501B5944C500C5F35E /* Debug */ = {
			isa = XCBuildConfiguration;
			buildSettings = {
				BUNDLE_LOADER = "$(TEST_HOST)";
				FRAMEWORK_SEARCH_PATHS = (
					"$(SDKROOT)/Developer/Library/Frameworks",
					"$(inherited)",
				);
				GCC_PREPROCESSOR_DEFINITIONS = (
					"DEBUG=1",
					"$(inherited)",
				);
				INFOPLIST_FILE = keisimapp2Tests/Info.plist;
				LD_RUNPATH_SEARCH_PATHS = "$(inherited) @executable_path/Frameworks @loader_path/Frameworks";
				PRODUCT_NAME = "$(TARGET_NAME)";
				TEST_HOST = "$(BUILT_PRODUCTS_DIR)/keisimapp2.app/keisimapp2";
			};
			name = Debug;
		};
		F7C52A511B5944C500C5F35E /* Release */ = {
			isa = XCBuildConfiguration;
			buildSettings = {
				BUNDLE_LOADER = "$(TEST_HOST)";
				FRAMEWORK_SEARCH_PATHS = (
					"$(SDKROOT)/Developer/Library/Frameworks",
					"$(inherited)",
				);
				INFOPLIST_FILE = keisimapp2Tests/Info.plist;
				LD_RUNPATH_SEARCH_PATHS = "$(inherited) @executable_path/Frameworks @loader_path/Frameworks";
				PRODUCT_NAME = "$(TARGET_NAME)";
				TEST_HOST = "$(BUILT_PRODUCTS_DIR)/keisimapp2.app/keisimapp2";
			};
			name = Release;
		};
/* End XCBuildConfiguration section */

/* Begin XCConfigurationList section */
		F7C52A281B5944C500C5F35E /* Build configuration list for PBXProject "keisimapp2" */ = {
			isa = XCConfigurationList;
			buildConfigurations = (
				F7C52A4A1B5944C500C5F35E /* Debug */,
				F7C52A4B1B5944C500C5F35E /* Release */,
			);
			defaultConfigurationIsVisible = 0;
			defaultConfigurationName = Release;
		};
		F7C52A4C1B5944C500C5F35E /* Build configuration list for PBXNativeTarget "keisimapp2" */ = {
			isa = XCConfigurationList;
			buildConfigurations = (
				F7C52A4D1B5944C500C5F35E /* Debug */,
				F7C52A4E1B5944C500C5F35E /* Release */,
			);
			defaultConfigurationIsVisible = 0;
		};
		F7C52A4F1B5944C500C5F35E /* Build configuration list for PBXNativeTarget "keisimapp2Tests" */ = {
			isa = XCConfigurationList;
			buildConfigurations = (
				F7C52A501B5944C500C5F35E /* Debug */,
				F7C52A511B5944C500C5F35E /* Release */,
			);
			defaultConfigurationIsVisible = 0;
		};
/* End XCConfigurationList section */
	};
	rootObject = F7C52A251B5944C500C5F35E /* Project object */;
}
